
Microsoft Visual Studio Solution File, Format Version 12.00
# Visual Studio Version 16
VisualStudioVersion = 16.0.30907.101
MinimumVisualStudioVersion = 10.0.40219.1
Project("{FAE04EC0-301F-11D3-BF4B-00C04F79EFBC}") = "CrudInCoreWebApi", "CrudInCoreWebApi.csproj", "{46135F1F-B6DB-483C-B6C8-12A812D679FF}"
EndProject
Global
	GlobalSection(SolutionConfigurationPlatforms) = preSolution
		Debug|Any CPU = Debug|Any CPU
		Release|Any CPU = Release|Any CPU
	EndGlobalSection
	GlobalSection(ProjectConfigurationPlatforms) = postSolution
		{46135F1F-B6DB-483C-B6C8-12A812D679FF}.Debug|Any CPU.ActiveCfg = Debug|Any CPU
		{46135F1F-B6DB-483C-B6C8-12A812D679FF}.Debug|Any CPU.Build.0 = Debug|Any CPU
		{46135F1F-B6DB-483C-B6C8-12A812D679FF}.Release|Any CPU.ActiveCfg = Release|Any CPU
		{46135F1F-B6DB-483C-B6C8-12A812D679FF}.Release|Any CPU.Build.0 = Release|Any CPU
	EndGlobalSection
	GlobalSection(SolutionProperties) = preSolution
		HideSolutionNode = FALSE
	EndGlobalSection
	GlobalSection(ExtensibilityGlobals) = postSolution
		SolutionGuid = {86267059-3B01-44F6-B533-86F192088615}
	EndGlobalSection
EndGlobal
